
Microsoft Visual Studio Solution File, Format Version 12.00
# Visual Studio 14
VisualStudioVersion = 14.0.24720.0
MinimumVisualStudioVersion = 10.0.40219.1
Project("{FAE04EC0-301F-11D3-BF4B-00C04F79EFBC}") = "Projects.DbConnection", "DbConnection\Projects.DbConnection.csproj", "{0A611E01-CDF1-40DF-BDDC-962F0078EEBB}"
EndProject
Project("{FAE04EC0-301F-11D3-BF4B-00C04F79EFBC}") = "Projects.Demirciler", "Demirciler\Projects.Demirciler.csproj", "{8FE6C970-AE77-4861-8052-4B8F3C0D3186}"
EndProject
Project("{2150E333-8FDC-42A3-9474-1A3956D46DE8}") = "DbYedek", "DbYedek", "{E1E586E8-A526-47CD-840F-C7BDD3993BA2}"
	ProjectSection(SolutionItems) = preProject
		F:\Demirciler_yedek.mdf = F:\Demirciler_yedek.mdf
	EndProjectSection
EndProject
Global
	GlobalSection(SolutionConfigurationPlatforms) = preSolution
		Debug|Any CPU = Debug|Any CPU
		Release|Any CPU = Release|Any CPU
	EndGlobalSection
	GlobalSection(ProjectConfigurationPlatforms) = postSolution
		{0A611E01-CDF1-40DF-BDDC-962F0078EEBB}.Debug|Any CPU.ActiveCfg = Debug|Any CPU
		{0A611E01-CDF1-40DF-BDDC-962F0078EEBB}.Debug|Any CPU.Build.0 = Debug|Any CPU
		{0A611E01-CDF1-40DF-BDDC-962F0078EEBB}.Release|Any CPU.ActiveCfg = Release|Any CPU
		{0A611E01-CDF1-40DF-BDDC-962F0078EEBB}.Release|Any CPU.Build.0 = Release|Any CPU
		{8FE6C970-AE77-4861-8052-4B8F3C0D3186}.Debug|Any CPU.ActiveCfg = Debug|Any CPU
		{8FE6C970-AE77-4861-8052-4B8F3C0D3186}.Debug|Any CPU.Build.0 = Debug|Any CPU
		{8FE6C970-AE77-4861-8052-4B8F3C0D3186}.Release|Any CPU.ActiveCfg = Release|Any CPU
		{8FE6C970-AE77-4861-8052-4B8F3C0D3186}.Release|Any CPU.Build.0 = Release|Any CPU
	EndGlobalSection
	GlobalSection(SolutionProperties) = preSolution
		HideSolutionNode = FALSE
	EndGlobalSection
EndGlobal
